
Microsoft Visual Studio Solution File, Format Version 12.00
# Visual Studio Version 17
VisualStudioVersion = 17.2.32516.85
MinimumVisualStudioVersion = 10.0.40219.1
Project("{9A19103F-16F7-4668-BE54-9A1E7A4F7556}") = "WebServer", "WebServer\WebServer.csproj", "{CB825230-0024-4357-970C-1012C6C1248E}"
EndProject
Project("{E53339B2-1760-4266-BCC7-CA923CBCF16C}") = "docker-compose", "docker-compose.dcproj", "{98E6261F-B389-4433-8B5B-7CBFECDA42BB}"
EndProject
Project("{9A19103F-16F7-4668-BE54-9A1E7A4F7556}") = "Intellect", "Intellect\Intellect.csproj", "{A0EFFAEE-7E44-4609-9EB0-20A4E780D900}"
EndProject
Global
	GlobalSection(SolutionConfigurationPlatforms) = preSolution
		Debug|Any CPU = Debug|Any CPU
		Release|Any CPU = Release|Any CPU
	EndGlobalSection
	GlobalSection(ProjectConfigurationPlatforms) = postSolution
		{CB825230-0024-4357-970C-1012C6C1248E}.Debug|Any CPU.ActiveCfg = Debug|Any CPU
		{CB825230-0024-4357-970C-1012C6C1248E}.Debug|Any CPU.Build.0 = Debug|Any CPU
		{CB825230-0024-4357-970C-1012C6C1248E}.Release|Any CPU.ActiveCfg = Release|Any CPU
		{CB825230-0024-4357-970C-1012C6C1248E}.Release|Any CPU.Build.0 = Release|Any CPU
		{98E6261F-B389-4433-8B5B-7CBFECDA42BB}.Debug|Any CPU.ActiveCfg = Debug|Any CPU
		{98E6261F-B389-4433-8B5B-7CBFECDA42BB}.Debug|Any CPU.Build.0 = Debug|Any CPU
		{98E6261F-B389-4433-8B5B-7CBFECDA42BB}.Release|Any CPU.ActiveCfg = Release|Any CPU
		{98E6261F-B389-4433-8B5B-7CBFECDA42BB}.Release|Any CPU.Build.0 = Release|Any CPU
		{A0EFFAEE-7E44-4609-9EB0-20A4E780D900}.Debug|Any CPU.ActiveCfg = Debug|Any CPU
		{A0EFFAEE-7E44-4609-9EB0-20A4E780D900}.Debug|Any CPU.Build.0 = Debug|Any CPU
		{A0EFFAEE-7E44-4609-9EB0-20A4E780D900}.Release|Any CPU.ActiveCfg = Release|Any CPU
		{A0EFFAEE-7E44-4609-9EB0-20A4E780D900}.Release|Any CPU.Build.0 = Release|Any CPU
	EndGlobalSection
	GlobalSection(SolutionProperties) = preSolution
		HideSolutionNode = FALSE
	EndGlobalSection
	GlobalSection(ExtensibilityGlobals) = postSolution
		SolutionGuid = {0B284739-8EC4-4675-AE33-BE9BE7759E63}
	EndGlobalSection
EndGlobal
